// !$*UTF8*$!
{
	archiveVersion = 1;
	classes = {
	};
	objectVersion = 46;
	objects = {

/* Begin PBXBuildFile section */
		04EF2AEF1CA53A6A00E44493 /* main.m in Sources */ = {isa = PBXBuildFile; fileRef = 04EF2AEE1CA53A6A00E44493 /* main.m */; };
		04EF2AF21CA53A6A00E44493 /* AppDelegate.m in Sources */ = {isa = PBXBuildFile; fileRef = 04EF2AF11CA53A6A00E44493 /* AppDelegate.m */; };
		04EF2AF51CA53A6A00E44493 /* ViewController.m in Sources */ = {isa = PBXBuildFile; fileRef = 04EF2AF41CA53A6A00E44493 /* ViewController.m */; };
		04EF2AF81CA53A6A00E44493 /* Main.storyboard in Resources */ = {isa = PBXBuildFile; fileRef = 04EF2AF61CA53A6A00E44493 /* Main.storyboard */; };
		04EF2AFA1CA53A6A00E44493 /* Assets.xcassets in Resources */ = {isa = PBXBuildFile; fileRef = 04EF2AF91CA53A6A00E44493 /* Assets.xcassets */; };
		04EF2AFD1CA53A6A00E44493 /* LaunchScreen.storyboard in Resources */ = {isa = PBXBuildFile; fileRef = 04EF2AFB1CA53A6A00E44493 /* LaunchScreen.storyboard */; };
		A32B7882EC1BE939A22071E7 /* libPods.a in Frameworks */ = {isa = PBXBuildFile; fileRef = CC3BB5810C252C61927B5C9F /* libPods.a */; };
/* End PBXBuildFile section */

/* Begin PBXFileReference section */
		04EF2AEA1CA53A6A00E44493 /* THCalendarDatePickerTest.app */ = {isa = PBXFileReference; explicitFileType = wrapper.application; includeInIndex = 0; path = THCalendarDatePickerTest.app; sourceTree = BUILT_PRODUCTS_DIR; };
		04EF2AEE1CA53A6A00E44493 /* main.m */ = {isa = PBXFileReference; lastKnownFileType = sourcecode.c.objc; path = main.m; sourceTree = "<group>"; };
		04EF2AF01CA53A6A00E44493 /* AppDelegate.h */ = {isa = PBXFileReference; lastKnownFileType = sourcecode.c.h; path = AppDelegate.h; sourceTree = "<group>"; };
		04EF2AF11CA53A6A00E44493 /* AppDelegate.m */ = {isa = PBXFileReference; lastKnownFileType = sourcecode.c.objc; path = AppDelegate.m; sourceTree = "<group>"; };
		04EF2AF31CA53A6A00E44493 /* ViewController.h */ = {isa = PBXFileReference; lastKnownFileType = sourcecode.c.h; path = ViewController.h; sourceTree = "<group>"; };
		04EF2AF41CA53A6A00E44493 /* ViewController.m */ = {isa = PBXFileReference; lastKnownFileType = sourcecode.c.objc; path = ViewController.m; sourceTree = "<group>"; };
		04EF2AF71CA53A6A00E44493 /* Base */ = {isa = PBXFileReference; lastKnownFileType = file.storyboard; name = Base; path = Base.lproj/Main.storyboard; sourceTree = "<group>"; };
		04EF2AF91CA53A6A00E44493 /* Assets.xcassets */ = {isa = PBXFileReference; lastKnownFileType = folder.assetcatalog; path = Assets.xcassets; sourceTree = "<group>"; };
		04EF2AFC1CA53A6A00E44493 /* Base */ = {isa = PBXFileReference; lastKnownFileType = file.storyboard; name = Base; path = Base.lproj/LaunchScreen.storyboard; sourceTree = "<group>"; };
		04EF2AFE1CA53A6A00E44493 /* Info.plist */ = {isa = PBXFileReference; lastKnownFileType = text.plist.xml; path = Info.plist; sourceTree = "<group>"; };
		58DA4FD13130B08C9514F5AD /* Pods.release.xcconfig */ = {isa = PBXFileReference; includeInIndex = 1; lastKnownFileType = text.xcconfig; name = Pods.release.xcconfig; path = "Pods/Target Support Files/Pods/Pods.release.xcconfig"; sourceTree = "<group>"; };
		8FA1EB70922303B1C6E8D319 /* Pods.debug.xcconfig */ = {isa = PBXFileReference; includeInIndex = 1; lastKnownFileType = text.xcconfig; name = Pods.debug.xcconfig; path = "Pods/Target Support Files/Pods/Pods.debug.xcconfig"; sourceTree = "<group>"; };
		CC3BB5810C252C61927B5C9F /* libPods.a */ = {isa = PBXFileReference; explicitFileType = archive.ar; includeInIndex = 0; path = libPods.a; sourceTree = BUILT_PRODUCTS_DIR; };
/* End PBXFileReference section */

/* Begin PBXFrameworksBuildPhase section */
		04EF2AE71CA53A6A00E44493 /* Frameworks */ = {
			isa = PBXFrameworksBuildPhase;
			buildActionMask = 2147483647;
			files = (
				A32B7882EC1BE939A22071E7 /* libPods.a in Frameworks */,
			);
			runOnlyForDeploymentPostprocessing = 0;
		};
/* End PBXFrameworksBuildPhase section */

/* Begin PBXGroup section */
		04EF2AE11CA53A6A00E44493 = {
			isa = PBXGroup;
			children = (
				04EF2AEC1CA53A6A00E44493 /* THCalendarDatePickerTest */,
				04EF2AEB1CA53A6A00E44493 /* Products */,
				9AF8F5FB505E301DA51069DA /* Pods */,
				08FCF2E2BDF4DE8A0B8B28E8 /* Frameworks */,
			);
			sourceTree = "<group>";
		};
		04EF2AEB1CA53A6A00E44493 /* Products */ = {
			isa = PBXGroup;
			children = (
				04EF2AEA1CA53A6A00E44493 /* THCalendarDatePickerTest.app */,
			);
			name = Products;
			sourceTree = "<group>";
		};
		04EF2AEC1CA53A6A00E44493 /* THCalendarDatePickerTest */ = {
			isa = PBXGroup;
			children = (
				04EF2AF01CA53A6A00E44493 /* AppDelegate.h */,
				04EF2AF11CA53A6A00E44493 /* AppDelegate.m */,
				04EF2AF31CA53A6A00E44493 /* ViewController.h */,
				04EF2AF41CA53A6A00E44493 /* ViewController.m */,
				04EF2AF61CA53A6A00E44493 /* Main.storyboard */,
				04EF2AF91CA53A6A00E44493 /* Assets.xcassets */,
				04EF2AFB1CA53A6A00E44493 /* LaunchScreen.storyboard */,
				04EF2AFE1CA53A6A00E44493 /* Info.plist */,
				04EF2AED1CA53A6A00E44493 /* Supporting Files */,
			);
			path = THCalendarDatePickerTest;
			sourceTree = "<group>";
		};
		04EF2AED1CA53A6A00E44493 /* Supporting Files */ = {
			isa = PBXGroup;
			children = (
				04EF2AEE1CA53A6A00E44493 /* main.m */,
			);
			name = "Supporting Files";
			sourceTree = "<group>";
		};
		08FCF2E2BDF4DE8A0B8B28E8 /* Frameworks */ = {
			isa = PBXGroup;
			children = (
				CC3BB5810C252C61927B5C9F /* libPods.a */,
			);
			name = Frameworks;
			sourceTree = "<group>";
		};
		9AF8F5FB505E301DA51069DA /* Pods */ = {
			isa = PBXGroup;
			children = (
				8FA1EB70922303B1C6E8D319 /* Pods.debug.xcconfig */,
				58DA4FD13130B08C9514F5AD /* Pods.release.xcconfig */,
			);
			name = Pods;
			sourceTree = "<group>";
		};
/* End PBXGroup section */

/* Begin PBXNativeTarget section */
		04EF2AE91CA53A6A00E44493 /* THCalendarDatePickerTest */ = {
			isa = PBXNativeTarget;
			buildConfigurationList = 04EF2B011CA53A6B00E44493 /* Build configuration list for PBXNativeTarget "THCalendarDatePickerTest" */;
			buildPhases = (
				4BB53EFDBD63CE43DC8EF82B /* Check Pods Manifest.lock */,
				04EF2AE61CA53A6A00E44493 /* Sources */,
				04EF2AE71CA53A6A00E44493 /* Frameworks */,
				04EF2AE81CA53A6A00E44493 /* Resources */,
				70EAE54EF8E7313E111558D7 /* Embed Pods Frameworks */,
				8626D8A20053FB33B3A5351E /* Copy Pods Resources */,
			);
			buildRules = (
			);
			dependencies = (
			);
			name = THCalendarDatePickerTest;
			productName = THCalendarDatePickerTest;
			productReference = 04EF2AEA1CA53A6A00E44493 /* THCalendarDatePickerTest.app */;
			productType = "com.apple.product-type.application";
		};
/* End PBXNativeTarget section */

/* Begin PBXProject section */
		04EF2AE21CA53A6A00E44493 /* Project object */ = {
			isa = PBXProject;
			attributes = {
				LastUpgradeCheck = 0720;
				ORGANIZATIONNAME = Seven;
				TargetAttributes = {
					04EF2AE91CA53A6A00E44493 = {
						CreatedOnToolsVersion = 7.2;
					};
				};
			};
			buildConfigurationList = 04EF2AE51CA53A6A00E44493 /* Build configuration list for PBXProject "THCalendarDatePickerTest" */;
			compatibilityVersion = "Xcode 3.2";
			developmentRegion = English;
			hasScannedForEncodings = 0;
			knownRegions = (
				en,
				Base,
			);
			mainGroup = 04EF2AE11CA53A6A00E44493;
			productRefGroup = 04EF2AEB1CA53A6A00E44493 /* Products */;
			projectDirPath = "";
			projectRoot = "";
			targets = (
				04EF2AE91CA53A6A00E44493 /* THCalendarDatePickerTest */,
			);
		};
/* End PBXProject section */

/* Begin PBXResourcesBuildPhase section */
		04EF2AE81CA53A6A00E44493 /* Resources */ = {
			isa = PBXResourcesBuildPhase;
			buildActionMask = 2147483647;
			files = (
				04EF2AFD1CA53A6A00E44493 /* LaunchScreen.storyboard in Resources */,
				04EF2AFA1CA53A6A00E44493 /* Assets.xcassets in Resources */,
				04EF2AF81CA53A6A00E44493 /* Main.storyboard in Resources */,
			);
			runOnlyForDeploymentPostprocessing = 0;
		};
/* End PBXResourcesBuildPhase section */

/* Begin PBXShellScriptBuildPhase section */
		4BB53EFDBD63CE43DC8EF82B /* Check Pods Manifest.lock */ = {
			isa = PBXShellScriptBuildPhase;
			buildActionMask = 2147483647;
			files = (
			);
			inputPaths = (
			);
			name = "Check Pods Manifest.lock";
			outputPaths = (
			);
			runOnlyForDeploymentPostprocessing = 0;
			shellPath = /bin/sh;
			shellScript = "diff \"${PODS_ROOT}/../Podfile.lock\" \"${PODS_ROOT}/Manifest.lock\" > /dev/null\nif [[ $? != 0 ]] ; then\n    cat << EOM\nerror: The sandbox is not in sync with the Podfile.lock. Run 'pod install' or update your CocoaPods installation.\nEOM\n    exit 1\nfi\n";
			showEnvVarsInLog = 0;
		};
		70EAE54EF8E7313E111558D7 /* Embed Pods Frameworks */ = {
			isa = PBXShellScriptBuildPhase;
			buildActionMask = 2147483647;
			files = (
			);
			inputPaths = (
			);
			name = "Embed Pods Frameworks";
			outputPaths = (
			);
			runOnlyForDeploymentPostprocessing = 0;
			shellPath = /bin/sh;
			shellScript = "\"${SRCROOT}/Pods/Target Support Files/Pods/Pods-frameworks.sh\"\n";
			showEnvVarsInLog = 0;
		};
		8626D8A20053FB33B3A5351E /* Copy Pods Resources */ = {
			isa = PBXShellScriptBuildPhase;
			buildActionMask = 2147483647;
			files = (
			);
			inputPaths = (
			);
			name = "Copy Pods Resources";
			outputPaths = (
			);
			runOnlyForDeploymentPostprocessing = 0;
			shellPath = /bin/sh;
			shellScript = "\"${SRCROOT}/Pods/Target Support Files/Pods/Pods-resources.sh\"\n";
			showEnvVarsInLog = 0;
		};
/* End PBXShellScriptBuildPhase section */

/* Begin PBXSourcesBuildPhase section */
		04EF2AE61CA53A6A00E44493 /* Sources */ = {
			isa = PBXSourcesBuildPhase;
			buildActionMask = 2147483647;
			files = (
				04EF2AF51CA53A6A00E44493 /* ViewController.m in Sources */,
				04EF2AF21CA53A6A00E44493 /* AppDelegate.m in Sources */,
				04EF2AEF1CA53A6A00E44493 /* main.m in Sources */,
			);
			runOnlyForDeploymentPostprocessing = 0;
		};
/* End PBXSourcesBuildPhase section */

/* Begin PBXVariantGroup section */
		04EF2AF61CA53A6A00E44493 /* Main.storyboard */ = {
			isa = PBXVariantGroup;
			children = (
				04EF2AF71CA53A6A00E44493 /* Base */,
			);
			name = Main.storyboard;
			sourceTree = "<group>";
		};
		04EF2AFB1CA53A6A00E44493 /* LaunchScreen.storyboard */ = {
			isa = PBXVariantGroup;
			children = (
				04EF2AFC1CA53A6A00E44493 /* Base */,
			);
			name = LaunchScreen.storyboard;
			sourceTree = "<group>";
		};
/* End PBXVariantGroup section */

/* Begin XCBuildConfiguration section */
		04EF2AFF1CA53A6A00E44493 /* Debug */ = {
			isa = XCBuildConfiguration;
			buildSettings = {
				ALWAYS_SEARCH_USER_PATHS = NO;
				CLANG_CXX_LANGUAGE_STANDARD = "gnu++0x";
				CLANG_CXX_LIBRARY = "libc++";
				CLANG_ENABLE_MODULES = YES;
				CLANG_ENABLE_OBJC_ARC = YES;
				CLANG_WARN_BOOL_CONVERSION = YES;
				CLANG_WARN_CONSTANT_CONVERSION = YES;
				CLANG_WARN_DIRECT_OBJC_ISA_USAGE = YES_ERROR;
				CLANG_WARN_EMPTY_BODY = YES;
				CLANG_WARN_ENUM_CONVERSION = YES;
				CLANG_WARN_INT_CONVERSION = YES;
				CLANG_WARN_OBJC_ROOT_CLASS = YES_ERROR;
				CLANG_WARN_UNREACHABLE_CODE = YES;
				CLANG_WARN__DUPLICATE_METHOD_MATCH = YES;
				"CODE_SIGN_IDENTITY[sdk=iphoneos*]" = "iPhone Developer";
				COPY_PHASE_STRIP = NO;
				DEBUG_INFORMATION_FORMAT = dwarf;
				ENABLE_STRICT_OBJC_MSGSEND = YES;
				ENABLE_TESTABILITY = YES;
				GCC_C_LANGUAGE_STANDARD = gnu99;
				GCC_DYNAMIC_NO_PIC = NO;
				GCC_NO_COMMON_BLOCKS = YES;
				GCC_OPTIMIZATION_LEVEL = 0;
				GCC_PREPROCESSOR_DEFINITIONS = (
					"DEBUG=1",
					"$(inherited)",
				);
				GCC_WARN_64_TO_32_BIT_CONVERSION = YES;
				GCC_WARN_ABOUT_RETURN_TYPE = YES_ERROR;
				GCC_WARN_UNDECLARED_SELECTOR = YES;
				GCC_WARN_UNINITIALIZED_AUTOS = YES_AGGRESSIVE;
				GCC_WARN_UNUSED_FUNCTION = YES;
				GCC_WARN_UNUSED_VARIABLE = YES;
				IPHONEOS_DEPLOYMENT_TARGET = 9.2;
				MTL_ENABLE_DEBUG_INFO = YES;
				ONLY_ACTIVE_ARCH = YES;
				SDKROOT = iphoneos;
			};
			name = Debug;
		};
		04EF2B001CA53A6A00E44493 /* Release */ = {
			isa = XCBuildConfiguration;
			buildSettings = {
				ALWAYS_SEARCH_USER_PATHS = NO;
				CLANG_CXX_LANGUAGE_STANDARD = "gnu++0x";
				CLANG_CXX_LIBRARY = "libc++";
				CLANG_ENABLE_MODULES = YES;
				CLANG_ENABLE_OBJC_ARC = YES;
				CLANG_WARN_BOOL_CONVERSION = YES;
				CLANG_WARN_CONSTANT_CONVERSION = YES;
				CLANG_WARN_DIRECT_OBJC_ISA_USAGE = YES_ERROR;
				CLANG_WARN_EMPTY_BODY = YES;
				CLANG_WARN_ENUM_CONVERSION = YES;
				CLANG_WARN_INT_CONVERSION = YES;
				CLANG_WARN_OBJC_ROOT_CLASS = YES_ERROR;
				CLANG_WARN_UNREACHABLE_CODE = YES;
				CLANG_WARN__DUPLICATE_METHOD_MATCH = YES;
				"CODE_SIGN_IDENTITY[sdk=iphoneos*]" = "iPhone Developer";
				COPY_PHASE_STRIP = NO;
				DEBUG_INFORMATION_FORMAT = "dwarf-with-dsym";
				ENABLE_NS_ASSERTIONS = NO;
				ENABLE_STRICT_OBJC_MSGSEND = YES;
				GCC_C_LANGUAGE_STANDARD = gnu99;
				GCC_NO_COMMON_BLOCKS = YES;
				GCC_WARN_64_TO_32_BIT_CONVERSION = YES;
				GCC_WARN_ABOUT_RETURN_TYPE = YES_ERROR;
				GCC_WARN_UNDECLARED_SELECTOR = YES;
				GCC_WARN_UNINITIALIZED_AUTOS = YES_AGGRESSIVE;
				GCC_WARN_UNUSED_FUNCTION = YES;
				GCC_WARN_UNUSED_VARIABLE = YES;
				IPHONEOS_DEPLOYMENT_TARGET = 9.2;
				MTL_ENABLE_DEBUG_INFO = NO;
				SDKROOT = iphoneos;
				VALIDATE_PRODUCT = YES;
			};
			name = Release;
		};
		04EF2B021CA53A6B00E44493 /* Debug */ = {
			isa = XCBuildConfiguration;
			baseConfigurationReference = 8FA1EB70922303B1C6E8D319 /* Pods.debug.xcconfig */;
			buildSettings = {
				ASSETCATALOG_COMPILER_APPICON_NAME = AppIcon;
				INFOPLIST_FILE = THCalendarDatePickerTest/Info.plist;
				LD_RUNPATH_SEARCH_PATHS = "$(inherited) @executable_path/Frameworks";
				PRODUCT_BUNDLE_IDENTIFIER = com.SevenDream.THCalendarDatePickerTest;
				PRODUCT_NAME = "$(TARGET_NAME)";
			};
			name = Debug;
		};
		04EF2B031CA53A6B00E44493 /* Release */ = {
			isa = XCBuildConfiguration;
			baseConfigurationReference = 58DA4FD13130B08C9514F5AD /* Pods.release.xcconfig */;
			buildSettings = {
				ASSETCATALOG_COMPILER_APPICON_NAME = AppIcon;
				INFOPLIST_FILE = THCalendarDatePickerTest/Info.plist;
				LD_RUNPATH_SEARCH_PATHS = "$(inherited) @executable_path/Frameworks";
				PRODUCT_BUNDLE_IDENTIFIER = com.SevenDream.THCalendarDatePickerTest;
				PRODUCT_NAME = "$(TARGET_NAME)";
			};
			name = Release;
		};
/* End XCBuildConfiguration section */

/* Begin XCConfigurationList section */
		04EF2AE51CA53A6A00E44493 /* Build configuration list for PBXProject "THCalendarDatePickerTest" */ = {
			isa = XCConfigurationList;
			buildConfigurations = (
				04EF2AFF1CA53A6A00E44493 /* Debug */,
				04EF2B001CA53A6A00E44493 /* Release */,
			);
			defaultConfigurationIsVisible = 0;
			defaultConfigurationName = Release;
		};
		04EF2B011CA53A6B00E44493 /* Build configuration list for PBXNativeTarget "THCalendarDatePickerTest" */ = {
			isa = XCConfigurationList;
			buildConfigurations = (
				04EF2B021CA53A6B00E44493 /* Debug */,
				04EF2B031CA53A6B00E44493 /* Release */,
			);
			defaultConfigurationIsVisible = 0;
			defaultConfigurationName = Release;
		};
/* End XCConfigurationList section */
	};
	rootObject = 04EF2AE21CA53A6A00E44493 /* Project object */;
}
